
Microsoft Visual Studio Solution File, Format Version 12.00
# Visual Studio Version 17
VisualStudioVersion = 17.3.32611.2
MinimumVisualStudioVersion = 10.0.40219.1
Project("{9A19103F-16F7-4668-BE54-9A1E7A4F7556}") = "AzureCustomRoleDelegator", "src\AzureCustomRoleDelegator.csproj", "{FD932719-C7C6-4B30-B99C-70866A37AE90}"
EndProject
Global
	GlobalSection(SolutionConfigurationPlatforms) = preSolution
		Debug|Any CPU = Debug|Any CPU
		Release|Any CPU = Release|Any CPU
	EndGlobalSection
	GlobalSection(ProjectConfigurationPlatforms) = postSolution
		{FDA701BD-BB25-4208-A1AA-0EEFD5BE52AA}.Debug|Any CPU.ActiveCfg = Debug|Any CPU
		{FDA701BD-BB25-4208-A1AA-0EEFD5BE52AA}.Debug|Any CPU.Build.0 = Debug|Any CPU
		{FDA701BD-BB25-4208-A1AA-0EEFD5BE52AA}.Release|Any CPU.ActiveCfg = Release|Any CPU
		{FDA701BD-BB25-4208-A1AA-0EEFD5BE52AA}.Release|Any CPU.Build.0 = Release|Any CPU
		{FD932719-C7C6-4B30-B99C-70866A37AE90}.Debug|Any CPU.ActiveCfg = Debug|Any CPU
		{FD932719-C7C6-4B30-B99C-70866A37AE90}.Debug|Any CPU.Build.0 = Debug|Any CPU
		{FD932719-C7C6-4B30-B99C-70866A37AE90}.Release|Any CPU.ActiveCfg = Release|Any CPU
		{FD932719-C7C6-4B30-B99C-70866A37AE90}.Release|Any CPU.Build.0 = Release|Any CPU
	EndGlobalSection
	GlobalSection(SolutionProperties) = preSolution
		HideSolutionNode = FALSE
	EndGlobalSection
	GlobalSection(ExtensibilityGlobals) = postSolution
		SolutionGuid = {3941EA66-C6DC-4ADF-9A9A-94B14599AED6}
	EndGlobalSection
EndGlobal
